
Microsoft Visual Studio Solution File, Format Version 12.00
# Visual Studio Version 17
VisualStudioVersion = 17.6.33723.286
MinimumVisualStudioVersion = 10.0.40219.1
Project("{FAE04EC0-301F-11D3-BF4B-00C04F79EFBC}") = "Fastfood resturent", "Fastfood resturent\Fastfood resturent.csproj", "{0B260869-D476-453F-B96B-D2032B32462E}"
EndProject
Global
	GlobalSection(SolutionConfigurationPlatforms) = preSolution
		Debug|Any CPU = Debug|Any CPU
		Release|Any CPU = Release|Any CPU
	EndGlobalSection
	GlobalSection(ProjectConfigurationPlatforms) = postSolution
		{0B260869-D476-453F-B96B-D2032B32462E}.Debug|Any CPU.ActiveCfg = Debug|Any CPU
		{0B260869-D476-453F-B96B-D2032B32462E}.Debug|Any CPU.Build.0 = Debug|Any CPU
		{0B260869-D476-453F-B96B-D2032B32462E}.Release|Any CPU.ActiveCfg = Release|Any CPU
		{0B260869-D476-453F-B96B-D2032B32462E}.Release|Any CPU.Build.0 = Release|Any CPU
	EndGlobalSection
	GlobalSection(SolutionProperties) = preSolution
		HideSolutionNode = FALSE
	EndGlobalSection
	GlobalSection(ExtensibilityGlobals) = postSolution
		SolutionGuid = {F3DE64E4-91D7-4FA4-A31F-F02AEB087179}
	EndGlobalSection
EndGlobal
